
Microsoft Visual Studio Solution File, Format Version 12.00
# Visual Studio 15
VisualStudioVersion = 15.0.26430.14
MinimumVisualStudioVersion = 10.0.40219.1
Project("{FAE04EC0-301F-11D3-BF4B-00C04F79EFBC}") = "DTO", "DTO\DTO.csproj", "{681CE2E2-D451-42E0-B394-8A73A6809640}"
EndProject
Project("{FAE04EC0-301F-11D3-BF4B-00C04F79EFBC}") = "DataAccessLayer", "DataAccessLayer\DataAccessLayer.csproj", "{6796489E-495D-4D56-8D49-DB7AA86C22F6}"
EndProject
Project("{FAE04EC0-301F-11D3-BF4B-00C04F79EFBC}") = "TesteBudgShop", "TesteBudgShop\TesteBudgShop.csproj", "{CBB36E64-D862-4C8B-B7D9-36CCD41440F1}"
EndProject
Global
	GlobalSection(SolutionConfigurationPlatforms) = preSolution
		Debug|Any CPU = Debug|Any CPU
		Release|Any CPU = Release|Any CPU
	EndGlobalSection
	GlobalSection(ProjectConfigurationPlatforms) = postSolution
		{681CE2E2-D451-42E0-B394-8A73A6809640}.Debug|Any CPU.ActiveCfg = Debug|Any CPU
		{681CE2E2-D451-42E0-B394-8A73A6809640}.Debug|Any CPU.Build.0 = Debug|Any CPU
		{681CE2E2-D451-42E0-B394-8A73A6809640}.Release|Any CPU.ActiveCfg = Release|Any CPU
		{681CE2E2-D451-42E0-B394-8A73A6809640}.Release|Any CPU.Build.0 = Release|Any CPU
		{6796489E-495D-4D56-8D49-DB7AA86C22F6}.Debug|Any CPU.ActiveCfg = Debug|Any CPU
		{6796489E-495D-4D56-8D49-DB7AA86C22F6}.Debug|Any CPU.Build.0 = Debug|Any CPU
		{6796489E-495D-4D56-8D49-DB7AA86C22F6}.Release|Any CPU.ActiveCfg = Release|Any CPU
		{6796489E-495D-4D56-8D49-DB7AA86C22F6}.Release|Any CPU.Build.0 = Release|Any CPU
		{CBB36E64-D862-4C8B-B7D9-36CCD41440F1}.Debug|Any CPU.ActiveCfg = Debug|Any CPU
		{CBB36E64-D862-4C8B-B7D9-36CCD41440F1}.Debug|Any CPU.Build.0 = Debug|Any CPU
		{CBB36E64-D862-4C8B-B7D9-36CCD41440F1}.Release|Any CPU.ActiveCfg = Release|Any CPU
		{CBB36E64-D862-4C8B-B7D9-36CCD41440F1}.Release|Any CPU.Build.0 = Release|Any CPU
	EndGlobalSection
	GlobalSection(SolutionProperties) = preSolution
		HideSolutionNode = FALSE
	EndGlobalSection
EndGlobal
